
Microsoft Visual Studio Solution File, Format Version 12.00
# Visual Studio 15
VisualStudioVersion = 15.0.28307.1259
MinimumVisualStudioVersion = 10.0.40219.1
Project("{FAE04EC0-301F-11D3-BF4B-00C04F79EFBC}") = "Lab8", "Lab8\Lab8.csproj", "{F7FBC688-F5A5-4154-9B24-DA6C85672676}"
EndProject
Global
	GlobalSection(SolutionConfigurationPlatforms) = preSolution
		Debug|Any CPU = Debug|Any CPU
		Release|Any CPU = Release|Any CPU
	EndGlobalSection
	GlobalSection(ProjectConfigurationPlatforms) = postSolution
		{F7FBC688-F5A5-4154-9B24-DA6C85672676}.Debug|Any CPU.ActiveCfg = Debug|Any CPU
		{F7FBC688-F5A5-4154-9B24-DA6C85672676}.Debug|Any CPU.Build.0 = Debug|Any CPU
		{F7FBC688-F5A5-4154-9B24-DA6C85672676}.Release|Any CPU.ActiveCfg = Release|Any CPU
		{F7FBC688-F5A5-4154-9B24-DA6C85672676}.Release|Any CPU.Build.0 = Release|Any CPU
	EndGlobalSection
	GlobalSection(SolutionProperties) = preSolution
		HideSolutionNode = FALSE
	EndGlobalSection
	GlobalSection(ExtensibilityGlobals) = postSolution
		SolutionGuid = {AA9AB3DF-CEE1-4F0D-809F-F9508DF34A18}
	EndGlobalSection
EndGlobal
