
Microsoft Visual Studio Solution File, Format Version 12.00
# Visual Studio 15
VisualStudioVersion = 15.0.28307.852
MinimumVisualStudioVersion = 10.0.40219.1
Project("{FAE04EC0-301F-11D3-BF4B-00C04F79EFBC}") = "Lab8Grupa243", "Lab8Grupa243\Lab8Grupa243.csproj", "{CBEA827D-C034-4A0D-B2DC-EB052447C02A}"
EndProject
Global
	GlobalSection(SolutionConfigurationPlatforms) = preSolution
		Debug|Any CPU = Debug|Any CPU
		Release|Any CPU = Release|Any CPU
	EndGlobalSection
	GlobalSection(ProjectConfigurationPlatforms) = postSolution
		{CBEA827D-C034-4A0D-B2DC-EB052447C02A}.Debug|Any CPU.ActiveCfg = Debug|Any CPU
		{CBEA827D-C034-4A0D-B2DC-EB052447C02A}.Debug|Any CPU.Build.0 = Debug|Any CPU
		{CBEA827D-C034-4A0D-B2DC-EB052447C02A}.Release|Any CPU.ActiveCfg = Release|Any CPU
		{CBEA827D-C034-4A0D-B2DC-EB052447C02A}.Release|Any CPU.Build.0 = Release|Any CPU
	EndGlobalSection
	GlobalSection(SolutionProperties) = preSolution
		HideSolutionNode = FALSE
	EndGlobalSection
	GlobalSection(ExtensibilityGlobals) = postSolution
		SolutionGuid = {15A25F7D-BE79-4027-945F-F7D67C4F7122}
	EndGlobalSection
EndGlobal
